
Microsoft Visual Studio Solution File, Format Version 12.00
# Visual Studio Version 16
VisualStudioVersion = 16.0.30611.23
MinimumVisualStudioVersion = 10.0.40219.1
Project("{9A19103F-16F7-4668-BE54-9A1E7A4F7556}") = "KineticistElementsExpanded", "KineticistElementsExpanded.csproj", "{19969157-BBFE-471C-9452-C3B33F51EF28}"
EndProject
Global
	GlobalSection(SolutionConfigurationPlatforms) = preSolution
		Debug|Any CPU = Debug|Any CPU
		Release|Any CPU = Release|Any CPU
	EndGlobalSection
	GlobalSection(ProjectConfigurationPlatforms) = postSolution
		{19969157-BBFE-471C-9452-C3B33F51EF28}.Debug|Any CPU.ActiveCfg = Debug|Any CPU
		{19969157-BBFE-471C-9452-C3B33F51EF28}.Debug|Any CPU.Build.0 = Debug|Any CPU
		{19969157-BBFE-471C-9452-C3B33F51EF28}.Release|Any CPU.ActiveCfg = Release|Any CPU
		{19969157-BBFE-471C-9452-C3B33F51EF28}.Release|Any CPU.Build.0 = Release|Any CPU
	EndGlobalSection
	GlobalSection(SolutionProperties) = preSolution
		HideSolutionNode = FALSE
	EndGlobalSection
	GlobalSection(ExtensibilityGlobals) = postSolution
		SolutionGuid = {2FDE2C41-81B4-4F5C-93E2-D716C7F3B63D}
	EndGlobalSection
EndGlobal
